PODS:
  - AGGeometryKit (0.1.5)
  - RAFoldable (0.0.1):
    - AGGeometryKit (~> 0.1.5)
    - RANudgable
  - RANudgable (0.0.1)

DEPENDENCIES:
  - RAFoldable

SPEC CHECKSUMS:
  AGGeometryKit: 7d0ae02621ee75fe654bf35ce1055bf5bca078e5
  RAFoldable: d842b8408c4fd273cb17970ffa760ab6ebfa5d8e
  RANudgable: f1f508718f614a687153a3e1039f3533abd5d9bf

COCOAPODS: 0.19.1
